// !$*UTF8*$!
{
	archiveVersion = 1;
	classes = {
	};
	objectVersion = 50;
	objects = {

/* Begin PBXBuildFile section */
		11C3D4A723ABB7DF00F80DA1 /* CustomViewController.m in Sources */ = {isa = PBXBuildFile; fileRef = 11C3D4A623ABB7DF00F80DA1 /* CustomViewController.m */; };
		8617E47623A8B7D20010A305 /* AppDelegate.m in Sources */ = {isa = PBXBuildFile; fileRef = 8617E47523A8B7D20010A305 /* AppDelegate.m */; };
		8617E47B23A8B7D30010A305 /* Assets.xcassets in Resources */ = {isa = PBXBuildFile; fileRef = 8617E47A23A8B7D30010A305 /* Assets.xcassets */; };
		8617E47E23A8B7D30010A305 /* Main.storyboard in Resources */ = {isa = PBXBuildFile; fileRef = 8617E47C23A8B7D30010A305 /* Main.storyboard */; };
		8617E48123A8B7D30010A305 /* main.m in Sources */ = {isa = PBXBuildFile; fileRef = 8617E48023A8B7D30010A305 /* main.m */; };
		8617E48F23A8B7F50010A305 /* CustomTableCellView.m in Sources */ = {isa = PBXBuildFile; fileRef = 8617E48923A8B7F50010A305 /* CustomTableCellView.m */; };
		8617E49023A8B7F50010A305 /* CustomTableRowView.m in Sources */ = {isa = PBXBuildFile; fileRef = 8617E48A23A8B7F50010A305 /* CustomTableRowView.m */; };
/* End PBXBuildFile section */

/* Begin PBXFileReference section */
		11C3D4A523ABB7DF00F80DA1 /* CustomViewController.h */ = {isa = PBXFileReference; lastKnownFileType = sourcecode.c.h; path = CustomViewController.h; sourceTree = "<group>"; };
		11C3D4A623ABB7DF00F80DA1 /* CustomViewController.m */ = {isa = PBXFileReference; lastKnownFileType = sourcecode.c.objc; path = CustomViewController.m; sourceTree = "<group>"; };
		8617E47123A8B7D20010A305 /* NSTableView-demo.app */ = {isa = PBXFileReference; explicitFileType = wrapper.application; includeInIndex = 0; path = "NSTableView-demo.app"; sourceTree = BUILT_PRODUCTS_DIR; };
		8617E47423A8B7D20010A305 /* AppDelegate.h */ = {isa = PBXFileReference; lastKnownFileType = sourcecode.c.h; path = AppDelegate.h; sourceTree = "<group>"; };
		8617E47523A8B7D20010A305 /* AppDelegate.m */ = {isa = PBXFileReference; lastKnownFileType = sourcecode.c.objc; path = AppDelegate.m; sourceTree = "<group>"; };
		8617E47A23A8B7D30010A305 /* Assets.xcassets */ = {isa = PBXFileReference; lastKnownFileType = folder.assetcatalog; path = Assets.xcassets; sourceTree = "<group>"; };
		8617E47D23A8B7D30010A305 /* Base */ = {isa = PBXFileReference; lastKnownFileType = file.storyboard; name = Base; path = Base.lproj/Main.storyboard; sourceTree = "<group>"; };
		8617E47F23A8B7D30010A305 /* Info.plist */ = {isa = PBXFileReference; lastKnownFileType = text.plist.xml; path = Info.plist; sourceTree = "<group>"; };
		8617E48023A8B7D30010A305 /* main.m */ = {isa = PBXFileReference; lastKnownFileType = sourcecode.c.objc; path = main.m; sourceTree = "<group>"; };
		8617E48223A8B7D30010A305 /* NSTableView_demo.entitlements */ = {isa = PBXFileReference; lastKnownFileType = text.plist.entitlements; path = NSTableView_demo.entitlements; sourceTree = "<group>"; };
		8617E48923A8B7F50010A305 /* CustomTableCellView.m */ = {isa = PBXFileReference; fileEncoding = 4; lastKnownFileType = sourcecode.c.objc; path = CustomTableCellView.m; sourceTree = "<group>"; };
		8617E48A23A8B7F50010A305 /* CustomTableRowView.m */ = {isa = PBXFileReference; fileEncoding = 4; lastKnownFileType = sourcecode.c.objc; path = CustomTableRowView.m; sourceTree = "<group>"; };
		8617E48B23A8B7F50010A305 /* CustomTableRowView.h */ = {isa = PBXFileReference; fileEncoding = 4; lastKnownFileType = sourcecode.c.h; path = CustomTableRowView.h; sourceTree = "<group>"; };
		8617E48C23A8B7F50010A305 /* CustomTableCellView.h */ = {isa = PBXFileReference; fileEncoding = 4; lastKnownFileType = sourcecode.c.h; path = CustomTableCellView.h; sourceTree = "<group>"; };
/* End PBXFileReference section */

/* Begin PBXFrameworksBuildPhase section */
		8617E46E23A8B7D20010A305 /* Frameworks */ = {
			isa = PBXFrameworksBuildPhase;
			buildActionMask = 2147483647;
			files = (
			);
			runOnlyForDeploymentPostprocessing = 0;
		};
/* End PBXFrameworksBuildPhase section */

/* Begin PBXGroup section */
		8617E46823A8B7D20010A305 = {
			isa = PBXGroup;
			children = (
				8617E47323A8B7D20010A305 /* NSTableView-demo */,
				8617E47223A8B7D20010A305 /* Products */,
			);
			sourceTree = "<group>";
		};
		8617E47223A8B7D20010A305 /* Products */ = {
			isa = PBXGroup;
			children = (
				8617E47123A8B7D20010A305 /* NSTableView-demo.app */,
			);
			name = Products;
			sourceTree = "<group>";
		};
		8617E47323A8B7D20010A305 /* NSTableView-demo */ = {
			isa = PBXGroup;
			children = (
				8617E47423A8B7D20010A305 /* AppDelegate.h */,
				8617E47523A8B7D20010A305 /* AppDelegate.m */,
				8617E47A23A8B7D30010A305 /* Assets.xcassets */,
				8617E48C23A8B7F50010A305 /* CustomTableCellView.h */,
				8617E48923A8B7F50010A305 /* CustomTableCellView.m */,
				8617E48B23A8B7F50010A305 /* CustomTableRowView.h */,
				8617E48A23A8B7F50010A305 /* CustomTableRowView.m */,
				8617E47F23A8B7D30010A305 /* Info.plist */,
				8617E48023A8B7D30010A305 /* main.m */,
				8617E47C23A8B7D30010A305 /* Main.storyboard */,
				8617E48223A8B7D30010A305 /* NSTableView_demo.entitlements */,
				11C3D4A523ABB7DF00F80DA1 /* CustomViewController.h */,
				11C3D4A623ABB7DF00F80DA1 /* CustomViewController.m */,
			);
			path = "NSTableView-demo";
			sourceTree = "<group>";
		};
/* End PBXGroup section */

/* Begin PBXNativeTarget section */
		8617E47023A8B7D20010A305 /* NSTableView-demo */ = {
			isa = PBXNativeTarget;
			buildConfigurationList = 8617E48523A8B7D30010A305 /* Build configuration list for PBXNativeTarget "NSTableView-demo" */;
			buildPhases = (
				8617E46D23A8B7D20010A305 /* Sources */,
				8617E46E23A8B7D20010A305 /* Frameworks */,
				8617E46F23A8B7D20010A305 /* Resources */,
			);
			buildRules = (
			);
			dependencies = (
			);
			name = "NSTableView-demo";
			productName = "NSTableView-demo";
			productReference = 8617E47123A8B7D20010A305 /* NSTableView-demo.app */;
			productType = "com.apple.product-type.application";
		};
/* End PBXNativeTarget section */

/* Begin PBXProject section */
		8617E46923A8B7D20010A305 /* Project object */ = {
			isa = PBXProject;
			attributes = {
				LastUpgradeCheck = 1130;
				ORGANIZATIONNAME = yxibng;
				TargetAttributes = {
					8617E47023A8B7D20010A305 = {
						CreatedOnToolsVersion = 11.3;
					};
				};
			};
			buildConfigurationList = 8617E46C23A8B7D20010A305 /* Build configuration list for PBXProject "NSTableView-demo" */;
			compatibilityVersion = "Xcode 9.3";
			developmentRegion = en;
			hasScannedForEncodings = 0;
			knownRegions = (
				en,
				Base,
			);
			mainGroup = 8617E46823A8B7D20010A305;
			productRefGroup = 8617E47223A8B7D20010A305 /* Products */;
			projectDirPath = "";
			projectRoot = "";
			targets = (
				8617E47023A8B7D20010A305 /* NSTableView-demo */,
			);
		};
/* End PBXProject section */

/* Begin PBXResourcesBuildPhase section */
		8617E46F23A8B7D20010A305 /* Resources */ = {
			isa = PBXResourcesBuildPhase;
			buildActionMask = 2147483647;
			files = (
				8617E47B23A8B7D30010A305 /* Assets.xcassets in Resources */,
				8617E47E23A8B7D30010A305 /* Main.storyboard in Resources */,
			);
			runOnlyForDeploymentPostprocessing = 0;
		};
/* End PBXResourcesBuildPhase section */

/* Begin PBXSourcesBuildPhase section */
		8617E46D23A8B7D20010A305 /* Sources */ = {
			isa = PBXSourcesBuildPhase;
			buildActionMask = 2147483647;
			files = (
				8617E49023A8B7F50010A305 /* CustomTableRowView.m in Sources */,
				11C3D4A723ABB7DF00F80DA1 /* CustomViewController.m in Sources */,
				8617E48123A8B7D30010A305 /* main.m in Sources */,
				8617E48F23A8B7F50010A305 /* CustomTableCellView.m in Sources */,
				8617E47623A8B7D20010A305 /* AppDelegate.m in Sources */,
			);
			runOnlyForDeploymentPostprocessing = 0;
		};
/* End PBXSourcesBuildPhase section */

/* Begin PBXVariantGroup section */
		8617E47C23A8B7D30010A305 /* Main.storyboard */ = {
			isa = PBXVariantGroup;
			children = (
				8617E47D23A8B7D30010A305 /* Base */,
			);
			name = Main.storyboard;
			sourceTree = "<group>";
		};
/* End PBXVariantGroup section */

/* Begin XCBuildConfiguration section */
		8617E48323A8B7D30010A305 /* Debug */ = {
			isa = XCBuildConfiguration;
			buildSettings = {
				ALWAYS_SEARCH_USER_PATHS = NO;
				CLANG_ANALYZER_NONNULL = YES;
				CLANG_ANALYZER_NUMBER_OBJECT_CONVERSION = YES_AGGRESSIVE;
				CLANG_CXX_LANGUAGE_STANDARD = "gnu++14";
				CLANG_CXX_LIBRARY = "libc++";
				CLANG_ENABLE_MODULES = YES;
				CLANG_ENABLE_OBJC_ARC = YES;
				CLANG_ENABLE_OBJC_WEAK = YES;
				CLANG_WARN_BLOCK_CAPTURE_AUTORELEASING = YES;
				CLANG_WARN_BOOL_CONVERSION = YES;
				CLANG_WARN_COMMA = YES;
				CLANG_WARN_CONSTANT_CONVERSION = YES;
				CLANG_WARN_DEPRECATED_OBJC_IMPLEMENTATIONS = YES;
				CLANG_WARN_DIRECT_OBJC_ISA_USAGE = YES_ERROR;
				CLANG_WARN_DOCUMENTATION_COMMENTS = YES;
				CLANG_WARN_EMPTY_BODY = YES;
				CLANG_WARN_ENUM_CONVERSION = YES;
				CLANG_WARN_INFINITE_RECURSION = YES;
				CLANG_WARN_INT_CONVERSION = YES;
				CLANG_WARN_NON_LITERAL_NULL_CONVERSION = YES;
				CLANG_WARN_OBJC_IMPLICIT_RETAIN_SELF = YES;
				CLANG_WARN_OBJC_LITERAL_CONVERSION = YES;
				CLANG_WARN_OBJC_ROOT_CLASS = YES_ERROR;
				CLANG_WARN_RANGE_LOOP_ANALYSIS = YES;
				CLANG_WARN_STRICT_PROTOTYPES = YES;
				CLANG_WARN_SUSPICIOUS_MOVE = YES;
				CLANG_WARN_UNGUARDED_AVAILABILITY = YES_AGGRESSIVE;
				CLANG_WARN_UNREACHABLE_CODE = YES;
				CLANG_WARN__DUPLICATE_METHOD_MATCH = YES;
				COPY_PHASE_STRIP = NO;
				DEBUG_INFORMATION_FORMAT = dwarf;
				ENABLE_STRICT_OBJC_MSGSEND = YES;
				ENABLE_TESTABILITY = YES;
				GCC_C_LANGUAGE_STANDARD = gnu11;
				GCC_DYNAMIC_NO_PIC = NO;
				GCC_NO_COMMON_BLOCKS = YES;
				GCC_OPTIMIZATION_LEVEL = 0;
				GCC_PREPROCESSOR_DEFINITIONS = (
					"DEBUG=1",
					"$(inherited)",
				);
				GCC_WARN_64_TO_32_BIT_CONVERSION = YES;
				GCC_WARN_ABOUT_RETURN_TYPE = YES_ERROR;
				GCC_WARN_UNDECLARED_SELECTOR = YES;
				GCC_WARN_UNINITIALIZED_AUTOS = YES_AGGRESSIVE;
				GCC_WARN_UNUSED_FUNCTION = YES;
				GCC_WARN_UNUSED_VARIABLE = YES;
				MACOSX_DEPLOYMENT_TARGET = 10.14;
				MTL_ENABLE_DEBUG_INFO = INCLUDE_SOURCE;
				MTL_FAST_MATH = YES;
				ONLY_ACTIVE_ARCH = YES;
				SDKROOT = macosx;
			};
			name = Debug;
		};
		8617E48423A8B7D30010A305 /* Release */ = {
			isa = XCBuildConfiguration;
			buildSettings = {
				ALWAYS_SEARCH_USER_PATHS = NO;
				CLANG_ANALYZER_NONNULL = YES;
				CLANG_ANALYZER_NUMBER_OBJECT_CONVERSION = YES_AGGRESSIVE;
				CLANG_CXX_LANGUAGE_STANDARD = "gnu++14";
				CLANG_CXX_LIBRARY = "libc++";
				CLANG_ENABLE_MODULES = YES;
				CLANG_ENABLE_OBJC_ARC = YES;
				CLANG_ENABLE_OBJC_WEAK = YES;
				CLANG_WARN_BLOCK_CAPTURE_AUTORELEASING = YES;
				CLANG_WARN_BOOL_CONVERSION = YES;
				CLANG_WARN_COMMA = YES;
				CLANG_WARN_CONSTANT_CONVERSION = YES;
				CLANG_WARN_DEPRECATED_OBJC_IMPLEMENTATIONS = YES;
				CLANG_WARN_DIRECT_OBJC_ISA_USAGE = YES_ERROR;
				CLANG_WARN_DOCUMENTATION_COMMENTS = YES;
				CLANG_WARN_EMPTY_BODY = YES;
				CLANG_WARN_ENUM_CONVERSION = YES;
				CLANG_WARN_INFINITE_RECURSION = YES;
				CLANG_WARN_INT_CONVERSION = YES;
				CLANG_WARN_NON_LITERAL_NULL_CONVERSION = YES;
				CLANG_WARN_OBJC_IMPLICIT_RETAIN_SELF = YES;
				CLANG_WARN_OBJC_LITERAL_CONVERSION = YES;
				CLANG_WARN_OBJC_ROOT_CLASS = YES_ERROR;
				CLANG_WARN_RANGE_LOOP_ANALYSIS = YES;
				CLANG_WARN_STRICT_PROTOTYPES = YES;
				CLANG_WARN_SUSPICIOUS_MOVE = YES;
				CLANG_WARN_UNGUARDED_AVAILABILITY = YES_AGGRESSIVE;
				CLANG_WARN_UNREACHABLE_CODE = YES;
				CLANG_WARN__DUPLICATE_METHOD_MATCH = YES;
				COPY_PHASE_STRIP = NO;
				DEBUG_INFORMATION_FORMAT = "dwarf-with-dsym";
				ENABLE_NS_ASSERTIONS = NO;
				ENABLE_STRICT_OBJC_MSGSEND = YES;
				GCC_C_LANGUAGE_STANDARD = gnu11;
				GCC_NO_COMMON_BLOCKS = YES;
				GCC_WARN_64_TO_32_BIT_CONVERSION = YES;
				GCC_WARN_ABOUT_RETURN_TYPE = YES_ERROR;
				GCC_WARN_UNDECLARED_SELECTOR = YES;
				GCC_WARN_UNINITIALIZED_AUTOS = YES_AGGRESSIVE;
				GCC_WARN_UNUSED_FUNCTION = YES;
				GCC_WARN_UNUSED_VARIABLE = YES;
				MACOSX_DEPLOYMENT_TARGET = 10.14;
				MTL_ENABLE_DEBUG_INFO = NO;
				MTL_FAST_MATH = YES;
				SDKROOT = macosx;
			};
			name = Release;
		};
		8617E48623A8B7D30010A305 /* Debug */ = {
			isa = XCBuildConfiguration;
			buildSettings = {
				ASSETCATALOG_COMPILER_APPICON_NAME = AppIcon;
				CODE_SIGN_ENTITLEMENTS = "NSTableView-demo/NSTableView_demo.entitlements";
				CODE_SIGN_STYLE = Automatic;
				COMBINE_HIDPI_IMAGES = YES;
				INFOPLIST_FILE = "NSTableView-demo/Info.plist";
				LD_RUNPATH_SEARCH_PATHS = (
					"$(inherited)",
					"@executable_path/../Frameworks",
				);
				PRODUCT_BUNDLE_IDENTIFIER = "com.duobei.NSTableView-demo";
				PRODUCT_NAME = "$(TARGET_NAME)";
			};
			name = Debug;
		};
		8617E48723A8B7D30010A305 /* Release */ = {
			isa = XCBuildConfiguration;
			buildSettings = {
				ASSETCATALOG_COMPILER_APPICON_NAME = AppIcon;
				CODE_SIGN_ENTITLEMENTS = "NSTableView-demo/NSTableView_demo.entitlements";
				CODE_SIGN_STYLE = Automatic;
				COMBINE_HIDPI_IMAGES = YES;
				INFOPLIST_FILE = "NSTableView-demo/Info.plist";
				LD_RUNPATH_SEARCH_PATHS = (
					"$(inherited)",
					"@executable_path/../Frameworks",
				);
				PRODUCT_BUNDLE_IDENTIFIER = "com.duobei.NSTableView-demo";
				PRODUCT_NAME = "$(TARGET_NAME)";
			};
			name = Release;
		};
/* End XCBuildConfiguration section */

/* Begin XCConfigurationList section */
		8617E46C23A8B7D20010A305 /* Build configuration list for PBXProject "NSTableView-demo" */ = {
			isa = XCConfigurationList;
			buildConfigurations = (
				8617E48323A8B7D30010A305 /* Debug */,
				8617E48423A8B7D30010A305 /* Release */,
			);
			defaultConfigurationIsVisible = 0;
			defaultConfigurationName = Release;
		};
		8617E48523A8B7D30010A305 /* Build configuration list for PBXNativeTarget "NSTableView-demo" */ = {
			isa = XCConfigurationList;
			buildConfigurations = (
				8617E48623A8B7D30010A305 /* Debug */,
				8617E48723A8B7D30010A305 /* Release */,
			);
			defaultConfigurationIsVisible = 0;
			defaultConfigurationName = Release;
		};
/* End XCConfigurationList section */
	};
	rootObject = 8617E46923A8B7D20010A305 /* Project object */;
}
